github.com/Johannekh/funtemps v0.0.0-20230419124700-04649417fd7c h1:tBZJiECLxll8Hc+MSn5tFsNQZ//VGPJIhQyhK6vapAk=
github.com/Johannekh/funtemps v0.0.0-20230419124700-04649417fd7c/go.mod h1:tAnz0GeuN2w+cbqwhM9rnN93+s42RuaprtdVXFJ2vi4=
github.com/Johannekh/is105sem03 v0.0.0-20230421071600-659acc7d196a h1:60ekJ3A9NBT/MDWMO0V6IzSywIazw+/1ig7C6jNTz1o=
github.com/Johannekh/is105sem03 v0.0.0-20230421071600-659acc7d196a/go.mod h1:0PT1K8CwrCXn5qs9YB1o8XKvmJ5nUUT2UM6f3MDBCl0=
github.com/Johannekh/minyr v0.0.0-20230420132315-9b44a46992b8 h1:Mx82lAP3LV3uI0Xj4EBXJOOYtnBFXnTxAXyoiYP2igg=
github.com/Johannekh/minyr v0.0.0-20230420132315-9b44a46992b8/go.mod h1:PXaoOQ/20rb8n7Xp/VBhUSy1M5iE6wLPWmZLlQwVhco=
